# This file is automatically @generated by Cargo.
# It is not intended for manual editing.
version = 3

[[package]]
name = "items"
version = "0.1.0"

[[package]]
name = "render"
version = "0.1.0"

[[package]]
name = "rust_game"
version = "0.1.0"
dependencies = [
 "items",
 "render",
 "user-interfaces",
]

[[package]]
name = "user-interfaces"
version = "0.1.0"
